{
  "name": "monorepo-demo1",
  "version": "1.0.0",
  "lockfileVersion": 2,
  "requires": true,
  "packages": {
    "": {
      "name": "monorepo-demo1",
      "version": "1.0.0",
      "license": "MIT",
      "workspaces": {
        "packages": [
          "example/module-a",
          "example/module-b"
        ],
        "nohoist": [
          "**/lodash"
        ]
      }
    },
    "example/module-a": {
      "version": "1.0.0",
      "license": "MIT",
      "dependencies": {
        "lodash": "^4.17.21"
      }
    },
    "example/module-b": {
      "version": "1.0.0",
      "license": "MIT",
      "dependencies": {
        "lodash": "^3"
      },
      "bin": {
        "module-b": "index.js"
      }
    },
    "example/module-b/node_modules/lodash": {
      "version": "3.10.1",
      "resolved": "https://registry.npmjs.org/lodash/-/lodash-3.10.1.tgz",
      "integrity": "sha512-9mDDwqVIma6OZX79ZlDACZl8sBm0TEnkf99zV3iMA4GzkIT/9hiqP5mY0HoT1iNLCrKc/R1HByV+yJfRWVJryQ=="
    },
    "node_modules/lodash": {
      "version": "4.17.21",
      "resolved": "https://registry.npmjs.org/lodash/-/lodash-4.17.21.tgz",
      "integrity": "sha512-v2kDEe57lecTulaDIuNTPy3Ry4gLGJ6Z1O3vE1krgXZNrsQ+LFTGHVxVjcXPs17LhbZVGedAJv8XZ1tvj5FvSg=="
    },
    "node_modules/module-a": {
      "resolved": "example/module-a",
      "link": true
    },
    "node_modules/module-b": {
      "resolved": "example/module-b",
      "link": true
    }
  },
  "dependencies": {
    "lodash": {
      "version": "4.17.21",
      "resolved": "https://registry.npmjs.org/lodash/-/lodash-4.17.21.tgz",
      "integrity": "sha512-v2kDEe57lecTulaDIuNTPy3Ry4gLGJ6Z1O3vE1krgXZNrsQ+LFTGHVxVjcXPs17LhbZVGedAJv8XZ1tvj5FvSg=="
    },
    "module-a": {
      "version": "file:example/module-a",
      "requires": {
        "lodash": "^4.17.21"
      }
    },
    "module-b": {
      "version": "file:example/module-b",
      "requires": {
        "lodash": "^3"
      },
      "dependencies": {
        "lodash": {
          "version": "3.10.1",
          "resolved": "https://registry.npmjs.org/lodash/-/lodash-3.10.1.tgz",
          "integrity": "sha512-9mDDwqVIma6OZX79ZlDACZl8sBm0TEnkf99zV3iMA4GzkIT/9hiqP5mY0HoT1iNLCrKc/R1HByV+yJfRWVJryQ=="
        }
      }
    }
  }
}
