{
  "name": "monorepo-demo1",
  "version": "1.0.0",
  "lockfileVersion": 2,
  "requires": true,
  "packages": {
    "": {
      "name": "monorepo-demo1",
      "version": "1.0.0",
      "license": "MIT",
      "workspaces": {
        "packages": [
          "example/module-a",
          "example/module-b"
        ]
      }
    },
    "example/module-a": {
      "version": "1.0.0",
      "license": "MIT",
      "dependencies": {
        "lodash": "^4.17.21"
      }
    },
    "example/module-b": {
      "version": "1.0.0",
      "license": "MIT",
      "dependencies": {
        "lodash": "^4.17.21"
      }
    },
    "node_modules/lodash": {
      "version": "4.17.21",
      "resolved": "https://registry.npmjs.org/lodash/-/lodash-4.17.21.tgz",
      "integrity": "sha512-v2kDEe57lecTulaDIuNTPy3Ry4gLGJ6Z1O3vE1krgXZNrsQ+LFTGHVxVjcXPs17LhbZVGedAJv8XZ1tvj5FvSg=="
    },
    "node_modules/module-a": {
      "resolved": "example/module-a",
      "link": true
    },
    "node_modules/module-b": {
      "resolved": "example/module-b",
      "link": true
    }
  },
  "dependencies": {
    "lodash": {
      "version": "4.17.21",
      "resolved": "https://registry.npmjs.org/lodash/-/lodash-4.17.21.tgz",
      "integrity": "sha512-v2kDEe57lecTulaDIuNTPy3Ry4gLGJ6Z1O3vE1krgXZNrsQ+LFTGHVxVjcXPs17LhbZVGedAJv8XZ1tvj5FvSg=="
    },
    "module-a": {
      "version": "file:example/module-a",
      "requires": {
        "lodash": "^4.17.21"
      }
    },
    "module-b": {
      "version": "file:example/module-b",
      "requires": {
        "lodash": "^4.17.21"
      }
    }
  }
}
